PODS:
  - dart_vlc (0.0.1):
    - FlutterMacOS
    - VLCKit (~> 3.3)
  - FlutterMacOS (1.0.0)
  - path_provider_macos (0.0.1):
    - FlutterMacOS
  - shared_preferences_macos (0.0.1):
    - FlutterMacOS
  - system_clock (0.0.1):
    - FlutterMacOS
  - url_launcher_macos (0.0.1):
    - FlutterMacOS
  - VLCKit (3.3.17)

DEPENDENCIES:
  - dart_vlc (from `Flutter/ephemeral/.symlinks/plugins/dart_vlc/macos`)
  - FlutterMacOS (from `Flutter/ephemeral`)
  - path_provider_macos (from `Flutter/ephemeral/.symlinks/plugins/path_provider_macos/macos`)
  - shared_preferences_macos (from `Flutter/ephemeral/.symlinks/plugins/shared_preferences_macos/macos`)
  - system_clock (from `Flutter/ephemeral/.symlinks/plugins/system_clock/macos`)
  - url_launcher_macos (from `Flutter/ephemeral/.symlinks/plugins/url_launcher_macos/macos`)

SPEC REPOS:
  trunk:
    - VLCKit

EXTERNAL SOURCES:
  dart_vlc:
    :path: Flutter/ephemeral/.symlinks/plugins/dart_vlc/macos
  FlutterMacOS:
    :path: Flutter/ephemeral
  path_provider_macos:
    :path: Flutter/ephemeral/.symlinks/plugins/path_provider_macos/macos
  shared_preferences_macos:
    :path: Flutter/ephemeral/.symlinks/plugins/shared_preferences_macos/macos
  system_clock:
    :path: Flutter/ephemeral/.symlinks/plugins/system_clock/macos
  url_launcher_macos:
    :path: Flutter/ephemeral/.symlinks/plugins/url_launcher_macos/macos

SPEC CHECKSUMS:
  dart_vlc: 1dbcc77b4304a8826b1fceaa1eada263b02b2123
  FlutterMacOS: 57701585bf7de1b3fc2bb61f6378d73bbdea8424
  path_provider_macos: 160cab0d5461f0c0e02995469a98f24bdb9a3f1f
  shared_preferences_macos: 480ce071d0666e37cef23fe6c702293a3d21799e
  system_clock: d5fdc00655b062d3b748b612ba32549ee8cb4ddb
  url_launcher_macos: 45af3d61de06997666568a7149c1be98b41c95d4
  VLCKit: 21651e881f19774ecf9a86ca2c2010859fe68a08

PODFILE CHECKSUM: 6eac6b3292e5142cfc23bdeb71848a40ec51c14c

COCOAPODS: 1.11.2
