PODS:
  - desktop_drop (0.0.1):
    - FlutterMacOS
  - ffmpeg-kit-macos-full (4.4.LTS)
  - FlutterMacOS (1.0.0)
  - lychee_player (0.0.1):
    - ffmpeg-kit-macos-full (= 4.4.LTS)
    - FlutterMacOS
  - path_provider_macos (0.0.1):
    - FlutterMacOS
  - screen_retriever (0.0.1):
    - FlutterMacOS
  - shared_preferences_macos (0.0.1):
    - FlutterMacOS
  - system_clock (0.0.1):
    - FlutterMacOS
  - url_launcher_macos (0.0.1):
    - FlutterMacOS
  - window_manager (0.2.0):
    - FlutterMacOS

DEPENDENCIES:
  - desktop_drop (from `Flutter/ephemeral/.symlinks/plugins/desktop_drop/macos`)
  - FlutterMacOS (from `Flutter/ephemeral`)
  - lychee_player (from `Flutter/ephemeral/.symlinks/plugins/lychee_player/macos`)
  - path_provider_macos (from `Flutter/ephemeral/.symlinks/plugins/path_provider_macos/macos`)
  - screen_retriever (from `Flutter/ephemeral/.symlinks/plugins/screen_retriever/macos`)
  - shared_preferences_macos (from `Flutter/ephemeral/.symlinks/plugins/shared_preferences_macos/macos`)
  - system_clock (from `Flutter/ephemeral/.symlinks/plugins/system_clock/macos`)
  - url_launcher_macos (from `Flutter/ephemeral/.symlinks/plugins/url_launcher_macos/macos`)
  - window_manager (from `Flutter/ephemeral/.symlinks/plugins/window_manager/macos`)

SPEC REPOS:
  trunk:
    - ffmpeg-kit-macos-full

EXTERNAL SOURCES:
  desktop_drop:
    :path: Flutter/ephemeral/.symlinks/plugins/desktop_drop/macos
  FlutterMacOS:
    :path: Flutter/ephemeral
  lychee_player:
    :path: Flutter/ephemeral/.symlinks/plugins/lychee_player/macos
  path_provider_macos:
    :path: Flutter/ephemeral/.symlinks/plugins/path_provider_macos/macos
  screen_retriever:
    :path: Flutter/ephemeral/.symlinks/plugins/screen_retriever/macos
  shared_preferences_macos:
    :path: Flutter/ephemeral/.symlinks/plugins/shared_preferences_macos/macos
  system_clock:
    :path: Flutter/ephemeral/.symlinks/plugins/system_clock/macos
  url_launcher_macos:
    :path: Flutter/ephemeral/.symlinks/plugins/url_launcher_macos/macos
  window_manager:
    :path: Flutter/ephemeral/.symlinks/plugins/window_manager/macos

SPEC CHECKSUMS:
  desktop_drop: 69eeff437544aa619c8db7f4481b3a65f7696898
  ffmpeg-kit-macos-full: 578f89931c88d0df654bfe63a4deea939f04901c
  FlutterMacOS: 85f90bfb3f1703249cf1539e4dfbff31e8584698
  lychee_player: 881cc23b1854b7cbc0daba2a93e1751673ceec45
  path_provider_macos: 3c0c3b4b0d4a76d2bf989a913c2de869c5641a19
  screen_retriever: 59634572a57080243dd1bf715e55b6c54f241a38
  shared_preferences_macos: a64dc611287ed6cbe28fd1297898db1336975727
  system_clock: d5fdc00655b062d3b748b612ba32549ee8cb4ddb
  url_launcher_macos: 597e05b8e514239626bcf4a850fcf9ef5c856ec3
  window_manager: 3a1844359a6295ab1e47659b1a777e36773cd6e8

PODFILE CHECKSUM: a884f6dd3f7494f3892ee6c81feea3a3abbf9153

COCOAPODS: 1.11.3
